{
  "name": "node",
  "version": "1.0.0",
  "lockfileVersion": 3,
  "requires": true,
  "packages": {
    "": {
      "name": "node",
      "version": "1.0.0",
      "license": "ISC",
      "dependencies": {
        "@ipld/dag-json": "^10.2.2",
        "@ipld/dag-pb": "^4.1.2",
        "multiformats": "^13.1.3"
      }
    },
    "node_modules/@ipld/dag-json": {
      "version": "10.2.2",
      "resolved": "https://registry.npmjs.org/@ipld/dag-json/-/dag-json-10.2.2.tgz",
      "integrity": "sha512-NnU8HdHKwAoGyrW3S09NMa8aZw0tImLRyR64hoafpLpDpAbA9g1+fb24JsdlugbL4sXUQVwDVA+qK4Ud8V83lA==",
      "dependencies": {
        "cborg": "^4.0.0",
        "multiformats": "^13.1.0"
      },
      "engines": {
        "node": ">=16.0.0",
        "npm": ">=7.0.0"
      }
    },
    "node_modules/@ipld/dag-pb": {
      "version": "4.1.2",
      "resolved": "https://registry.npmjs.org/@ipld/dag-pb/-/dag-pb-4.1.2.tgz",
      "integrity": "sha512-BSztO4l3C+ya9HjCaQot26Y4AVsqIKtnn6+23ubc1usucnf6yoTBme18oCCdM6gKBMxuPqju5ye3lh9WEJsdeQ==",
      "dependencies": {
        "multiformats": "^13.1.0"
      },
      "engines": {
        "node": ">=16.0.0",
        "npm": ">=7.0.0"
      }
    },
    "node_modules/cborg": {
      "version": "4.2.3",
      "resolved": "https://registry.npmjs.org/cborg/-/cborg-4.2.3.tgz",
      "integrity": "sha512-XBFbEJ6WMfn9L7woc2t+EzOxF8vGqddoopKBbrhIvZBt2WIUgSlT8xLmM6Aq1xv8eWt4yOSjwxWjYeuHU3CpJA==",
      "bin": {
        "cborg": "lib/bin.js"
      }
    },
    "node_modules/multiformats": {
      "version": "13.1.3",
      "resolved": "https://registry.npmjs.org/multiformats/-/multiformats-13.1.3.tgz",
      "integrity": "sha512-CZPi9lFZCM/+7oRolWYsvalsyWQGFo+GpdaTmjxXXomC+nP/W1Rnxb9sUgjvmNmRZ5bOPqRAl4nuK+Ydw/4tGw=="
    }
  }
}
