{
  "name": "nostrfy-examples",
  "version": "1.0.0",
  "lockfileVersion": 3,
  "requires": true,
  "packages": {
    "": {
      "name": "nostrfy-examples",
      "version": "1.0.0",
      "license": "ISC",
      "dependencies": {
        "@electric-sql/pglite": "^0.3.4",
        "@nostrify/db": "npm:@jsr/nostrify__db@^0.39.4-alpha.1",
        "@nostrify/nostrify": "npm:@jsr/nostrify__nostrify@^0.46.3",
        "@soapbox/kysely-pglite": "npm:@jsr/soapbox__kysely-pglite@^1.1.0",
        "nostr-tools": "^2.15.0"
      }
    },
    "node_modules/@electric-sql/pglite": {
      "version": "0.3.4",
      "resolved": "https://registry.npmjs.org/@electric-sql/pglite/-/pglite-0.3.4.tgz",
      "integrity": "sha512-h5hoL2GuxcWN8Q3+jtesIRem14iIvAZVEsTeUF6eO9RiUb6ar73QVIEW9t+Ud58iXAcAE2dFMtWqw3W2Oo4LDw==",
      "license": "Apache-2.0"
    },
    "node_modules/@jsr/nostrify__nostrify": {
      "version": "0.39.1",
      "resolved": "https://npm.jsr.io/~/11/@jsr/nostrify__nostrify/0.39.1.tgz",
      "integrity": "sha512-IRHg5t6PxKx3ARgr+N6o09l6l4tM638CG3RbryaO4PKLEgeISToGqr46c/Vfw/+/jpMCQfFSVS02oS8CeSmLQQ==",
      "dependencies": {
        "@jsr/nostrify__types": "^0.36.0",
        "@jsr/std__crypto": "^0.224.0",
        "@jsr/std__encoding": "^0.224.1",
        "@scure/base": "^1.1.6",
        "@scure/bip32": "^1.4.0",
        "@scure/bip39": "^1.3.0",
        "lru-cache": "^10.2.0",
        "nostr-tools": "^2.10.4",
        "websocket-ts": "^2.2.1",
        "zod": "^3.23.8"
      }
    },
    "node_modules/@jsr/nostrify__nostrify/node_modules/@noble/curves": {
      "version": "1.9.2",
      "resolved": "https://registry.npmjs.org/@noble/curves/-/curves-1.9.2.tgz",
      "integrity": "sha512-HxngEd2XUcg9xi20JkwlLCtYwfoFw4JGkuZpT+WlsPD4gB/cxkvTD8fSsoAnphGZhFdZYKeQIPCuFlWPm1uE0g==",
      "license": "MIT",
      "dependencies": {
        "@noble/hashes": "1.8.0"
      },
      "engines": {
        "node": "^14.21.3 || >=16"
      },
      "funding": {
        "url": "https://paulmillr.com/funding/"
      }
    },
    "node_modules/@jsr/nostrify__nostrify/node_modules/@noble/hashes": {
      "version": "1.8.0",
      "resolved": "https://registry.npmjs.org/@noble/hashes/-/hashes-1.8.0.tgz",
      "integrity": "sha512-jCs9ldd7NwzpgXDIf6P3+NrHh9/sD6CQdxHyjQI+h/6rDNo88ypBxxz45UDuZHz9r3tNz7N/VInSVoVdtXEI4A==",
      "license": "MIT",
      "engines": {
        "node": "^14.21.3 || >=16"
      },
      "funding": {
        "url": "https://paulmillr.com/funding/"
      }
    },
    "node_modules/@jsr/nostrify__nostrify/node_modules/@scure/base": {
      "version": "1.2.6",
      "resolved": "https://registry.npmjs.org/@scure/base/-/base-1.2.6.tgz",
      "integrity": "sha512-g/nm5FgUa//MCj1gV09zTJTaM6KBAHqLN907YVQqf7zC49+DcO4B1so4ZX07Ef10Twr6nuqYEH9GEggFXA4Fmg==",
      "license": "MIT",
      "funding": {
        "url": "https://paulmillr.com/funding/"
      }
    },
    "node_modules/@jsr/nostrify__nostrify/node_modules/@scure/bip32": {
      "version": "1.7.0",
      "resolved": "https://registry.npmjs.org/@scure/bip32/-/bip32-1.7.0.tgz",
      "integrity": "sha512-E4FFX/N3f4B80AKWp5dP6ow+flD1LQZo/w8UnLGYZO674jS6YnYeepycOOksv+vLPSpgN35wgKgy+ybfTb2SMw==",
      "license": "MIT",
      "dependencies": {
        "@noble/curves": "~1.9.0",
        "@noble/hashes": "~1.8.0",
        "@scure/base": "~1.2.5"
      },
      "funding": {
        "url": "https://paulmillr.com/funding/"
      }
    },
    "node_modules/@jsr/nostrify__nostrify/node_modules/@scure/bip39": {
      "version": "1.6.0",
      "resolved": "https://registry.npmjs.org/@scure/bip39/-/bip39-1.6.0.tgz",
      "integrity": "sha512-+lF0BbLiJNwVlev4eKelw1WWLaiKXw7sSl8T6FvBlWkdX+94aGJ4o8XjUdlyhTCjd8c+B3KT3JfS8P0bLRNU6A==",
      "license": "MIT",
      "dependencies": {
        "@noble/hashes": "~1.8.0",
        "@scure/base": "~1.2.5"
      },
      "funding": {
        "url": "https://paulmillr.com/funding/"
      }
    },
    "node_modules/@jsr/nostrify__types": {
      "version": "0.36.0",
      "resolved": "https://npm.jsr.io/~/11/@jsr/nostrify__types/0.36.0.tgz",
      "integrity": "sha512-kDjFf1nJMhZafULtH2GW+TWjs85J0aDxYYLpwBDQugDVsFqG2kLbxnoE2NtMJCIMNk1vUaipUHeil//4fY/d2w=="
    },
    "node_modules/@jsr/scure__base": {
      "version": "1.2.6",
      "resolved": "https://npm.jsr.io/~/11/@jsr/scure__base/1.2.6.tgz",
      "integrity": "sha512-oZvJweJ4VMgVHJdsp8wwcG7t1U8aZLe0h8f4oNSFfavGqOKhpmi0b9mZ8vXLtGzBGiqVjK8Mon1NVMzTJincLQ=="
    },
    "node_modules/@jsr/std__assert": {
      "version": "0.224.0",
      "resolved": "https://npm.jsr.io/~/11/@jsr/std__assert/0.224.0.tgz",
      "integrity": "sha512-RB0p0ydybgKSfTba6kHWytfpEJ0CBPi+byxZikLYa51L9uLINW52/j6n4KuiLFoh2cdFfpNZSNMY/dzQPW90DQ==",
      "dependencies": {
        "@jsr/std__fmt": "^0.224.0",
        "@jsr/std__internal": "^0.224.0"
      }
    },
    "node_modules/@jsr/std__crypto": {
      "version": "0.224.0",
      "resolved": "https://npm.jsr.io/~/11/@jsr/std__crypto/0.224.0.tgz",
      "integrity": "sha512-qzZWI8VnH215FS7hmQsAeNafjLMkmSl1OOvexorVUEf1Zl9omHSN87MwIjtmyVXGLtpGRLzIhKXbeup1xO69Zw==",
      "dependencies": {
        "@jsr/std__assert": "^0.224.0",
        "@jsr/std__encoding": "^0.224.0"
      }
    },
    "node_modules/@jsr/std__encoding": {
      "version": "0.224.3",
      "resolved": "https://npm.jsr.io/~/11/@jsr/std__encoding/0.224.3.tgz",
      "integrity": "sha512-zAuX2QV1zwJ5RSmrnDGVerAtN3pBXpYYNlGzhERW9AiQ1UJd2/xruyB3i5NdTWy2OK2pjETswOj+0+prYTPlxQ=="
    },
    "node_modules/@jsr/std__fmt": {
      "version": "0.224.0",
      "resolved": "https://npm.jsr.io/~/11/@jsr/std__fmt/0.224.0.tgz",
      "integrity": "sha512-lyrH5LesMB897QW0NIbZlGp72Ucopj2hMZW2wqB0NyZhuXfLH2sPBIUpCSf87kRKTGnx90JV905w4iTp0TD+Sg=="
    },
    "node_modules/@jsr/std__internal": {
      "version": "0.224.0",
      "resolved": "https://npm.jsr.io/~/11/@jsr/std__internal/0.224.0.tgz",
      "integrity": "sha512-inYzKOGAFK2tyy1D4NfwlbPiqEcSaXfOms3Tm4Y+1LmKSYOeB9wjqWHF4y/BJuYj8XUv61F7eaHaIw6NIlhBWg==",
      "dependencies": {
        "@jsr/std__fmt": "^0.224.0"
      }
    },
    "node_modules/@noble/ciphers": {
      "version": "0.5.3",
      "resolved": "https://registry.npmjs.org/@noble/ciphers/-/ciphers-0.5.3.tgz",
      "integrity": "sha512-B0+6IIHiqEs3BPMT0hcRmHvEj2QHOLu+uwt+tqDDeVd0oyVzh7BPrDcPjRnV1PV/5LaknXJJQvOuRGR0zQJz+w==",
      "license": "MIT",
      "funding": {
        "url": "https://paulmillr.com/funding/"
      }
    },
    "node_modules/@noble/curves": {
      "version": "1.2.0",
      "resolved": "https://registry.npmjs.org/@noble/curves/-/curves-1.2.0.tgz",
      "integrity": "sha512-oYclrNgRaM9SsBUBVbb8M6DTV7ZHRTKugureoYEncY5c65HOmRzvSiTE3y5CYaPYJA/GVkrhXEoF0M3Ya9PMnw==",
      "license": "MIT",
      "dependencies": {
        "@noble/hashes": "1.3.2"
      },
      "funding": {
        "url": "https://paulmillr.com/funding/"
      }
    },
    "node_modules/@noble/curves/node_modules/@noble/hashes": {
      "version": "1.3.2",
      "resolved": "https://registry.npmjs.org/@noble/hashes/-/hashes-1.3.2.tgz",
      "integrity": "sha512-MVC8EAQp7MvEcm30KWENFjgR+Mkmf+D189XJTkFIlwohU5hcBbn1ZkKq7KVTi2Hme3PMGF390DaL52beVrIihQ==",
      "license": "MIT",
      "engines": {
        "node": ">= 16"
      },
      "funding": {
        "url": "https://paulmillr.com/funding/"
      }
    },
    "node_modules/@noble/hashes": {
      "version": "1.3.1",
      "resolved": "https://registry.npmjs.org/@noble/hashes/-/hashes-1.3.1.tgz",
      "integrity": "sha512-EbqwksQwz9xDRGfDST86whPBgM65E0OH/pCgqW0GBVzO22bNE+NuIbeTb714+IfSjU3aRk47EUvXIb5bTsenKA==",
      "license": "MIT",
      "engines": {
        "node": ">= 16"
      },
      "funding": {
        "url": "https://paulmillr.com/funding/"
      }
    },
    "node_modules/@nostrify/db": {
      "name": "@jsr/nostrify__db",
      "version": "0.39.4-alpha.1",
      "resolved": "https://npm.jsr.io/~/11/@jsr/nostrify__db/0.39.4-alpha.1.tgz",
      "integrity": "sha512-njpPXICzfrd+rgK4ANY8vIdidiJSxDTgGjFXzytveIGf8Kne35OzfK+/7zHo7VcBKLqNWkuy8s9O3Lbys1wSig==",
      "dependencies": {
        "@jsr/nostrify__nostrify": "^0.39.1",
        "@jsr/nostrify__types": "^0.36.0",
        "kysely": "^0.27.3",
        "nostr-tools": "^2.10.4"
      }
    },
    "node_modules/@nostrify/db/node_modules/kysely": {
      "version": "0.27.6",
      "resolved": "https://registry.npmjs.org/kysely/-/kysely-0.27.6.tgz",
      "integrity": "sha512-FIyV/64EkKhJmjgC0g2hygpBv5RNWVPyNCqSAD7eTCv6eFWNIi4PN1UvdSJGicN/o35bnevgis4Y0UDC0qi8jQ==",
      "license": "MIT",
      "engines": {
        "node": ">=14.0.0"
      }
    },
    "node_modules/@nostrify/nostrify": {
      "name": "@jsr/nostrify__nostrify",
      "version": "0.46.3",
      "resolved": "https://npm.jsr.io/~/11/@jsr/nostrify__nostrify/0.46.3.tgz",
      "integrity": "sha512-zJpOrD8bbrJroLRJjESAJZX/ZKFCaGfoz5fSfLP+gIcTiPo8JpzlrFBF6mvaDI/Mdd+1WTBwlCcW9On8rUVH7w==",
      "dependencies": {
        "@jsr/nostrify__types": "^0.36.0",
        "@jsr/scure__base": "^1.2.4",
        "@jsr/std__encoding": "^0.224.1",
        "lru-cache": "^10.2.0",
        "nostr-tools": "^2.13.0",
        "websocket-ts": "^2.2.1",
        "zod": "^3.23.8"
      }
    },
    "node_modules/@scure/base": {
      "version": "1.1.1",
      "resolved": "https://registry.npmjs.org/@scure/base/-/base-1.1.1.tgz",
      "integrity": "sha512-ZxOhsSyxYwLJj3pLZCefNitxsj093tb2vq90mp2txoYeBqbcjDjqFhyM8eUjq/uFm6zJ+mUuqxlS2FkuSY1MTA==",
      "funding": [
        {
          "type": "individual",
          "url": "https://paulmillr.com/funding/"
        }
      ],
      "license": "MIT"
    },
    "node_modules/@scure/bip32": {
      "version": "1.3.1",
      "resolved": "https://registry.npmjs.org/@scure/bip32/-/bip32-1.3.1.tgz",
      "integrity": "sha512-osvveYtyzdEVbt3OfwwXFr4P2iVBL5u1Q3q4ONBfDY/UpOuXmOlbgwc1xECEboY8wIays8Yt6onaWMUdUbfl0A==",
      "license": "MIT",
      "dependencies": {
        "@noble/curves": "~1.1.0",
        "@noble/hashes": "~1.3.1",
        "@scure/base": "~1.1.0"
      },
      "funding": {
        "url": "https://paulmillr.com/funding/"
      }
    },
    "node_modules/@scure/bip32/node_modules/@noble/curves": {
      "version": "1.1.0",
      "resolved": "https://registry.npmjs.org/@noble/curves/-/curves-1.1.0.tgz",
      "integrity": "sha512-091oBExgENk/kGj3AZmtBDMpxQPDtxQABR2B9lb1JbVTs6ytdzZNwvhxQ4MWasRNEzlbEH8jCWFCwhF/Obj5AA==",
      "license": "MIT",
      "dependencies": {
        "@noble/hashes": "1.3.1"
      },
      "funding": {
        "url": "https://paulmillr.com/funding/"
      }
    },
    "node_modules/@scure/bip39": {
      "version": "1.2.1",
      "resolved": "https://registry.npmjs.org/@scure/bip39/-/bip39-1.2.1.tgz",
      "integrity": "sha512-Z3/Fsz1yr904dduJD0NpiyRHhRYHdcnyh73FZWiV+/qhWi83wNJ3NWolYqCEN+ZWsUz2TWwajJggcRE9r1zUYg==",
      "license": "MIT",
      "dependencies": {
        "@noble/hashes": "~1.3.0",
        "@scure/base": "~1.1.0"
      },
      "funding": {
        "url": "https://paulmillr.com/funding/"
      }
    },
    "node_modules/@soapbox/kysely-pglite": {
      "name": "@jsr/soapbox__kysely-pglite",
      "version": "1.1.0",
      "resolved": "https://npm.jsr.io/~/11/@jsr/soapbox__kysely-pglite/1.1.0.tgz",
      "integrity": "sha512-9WUHpXEAlN50yvZbeikuUh0chn42ZeFIBPlJExVTPh/I+2mpFE2V4lNaKShJzzZoiJQe8OKL47k+Nn01Iafmzg==",
      "dependencies": {
        "kysely": "^0.28.2"
      }
    },
    "node_modules/kysely": {
      "version": "0.28.2",
      "resolved": "https://registry.npmjs.org/kysely/-/kysely-0.28.2.tgz",
      "integrity": "sha512-4YAVLoF0Sf0UTqlhgQMFU9iQECdah7n+13ANkiuVfRvlK+uI0Etbgd7bVP36dKlG+NXWbhGua8vnGt+sdhvT7A==",
      "license": "MIT",
      "engines": {
        "node": ">=18.0.0"
      }
    },
    "node_modules/lru-cache": {
      "version": "10.4.3",
      "resolved": "https://registry.npmjs.org/lru-cache/-/lru-cache-10.4.3.tgz",
      "integrity": "sha512-JNAzZcXrCt42VGLuYz0zfAzDfAvJWW6AfYlDBQyDV5DClI2m5sAmK+OIO7s59XfsRsWHp02jAJrRadPRGTt6SQ==",
      "license": "ISC"
    },
    "node_modules/nostr-tools": {
      "version": "2.15.0",
      "resolved": "https://registry.npmjs.org/nostr-tools/-/nostr-tools-2.15.0.tgz",
      "integrity": "sha512-Jj/+UFbu3JbTAWP4ipPFNuyD4W5eVRBNAP+kmnoRCYp3bLmTrlQ0Qhs5O1xSQJTFpjdZqoS0zZOUKdxUdjc+pw==",
      "license": "Unlicense",
      "dependencies": {
        "@noble/ciphers": "^0.5.1",
        "@noble/curves": "1.2.0",
        "@noble/hashes": "1.3.1",
        "@scure/base": "1.1.1",
        "@scure/bip32": "1.3.1",
        "@scure/bip39": "1.2.1",
        "nostr-wasm": "0.1.0"
      },
      "peerDependencies": {
        "typescript": ">=5.0.0"
      },
      "peerDependenciesMeta": {
        "typescript": {
          "optional": true
        }
      }
    },
    "node_modules/nostr-wasm": {
      "version": "0.1.0",
      "resolved": "https://registry.npmjs.org/nostr-wasm/-/nostr-wasm-0.1.0.tgz",
      "integrity": "sha512-78BTryCLcLYv96ONU8Ws3Q1JzjlAt+43pWQhIl86xZmWeegYCNLPml7yQ+gG3vR6V5h4XGj+TxO+SS5dsThQIA==",
      "license": "MIT"
    },
    "node_modules/websocket-ts": {
      "version": "2.2.1",
      "resolved": "https://registry.npmjs.org/websocket-ts/-/websocket-ts-2.2.1.tgz",
      "integrity": "sha512-YKPDfxlK5qOheLZ2bTIiktZO1bpfGdNCPJmTEaPW7G9UXI1GKjDdeacOrsULUS000OPNxDVOyAuKLuIWPqWM0Q==",
      "license": "MIT"
    },
    "node_modules/zod": {
      "version": "3.25.75",
      "resolved": "https://registry.npmjs.org/zod/-/zod-3.25.75.tgz",
      "integrity": "sha512-OhpzAmVzabPOL6C3A3gpAifqr9MqihV/Msx3gor2b2kviCgcb+HM9SEOpMWwwNp9MRunWnhtAKUoo0AHhjyPPg==",
      "license": "MIT",
      "funding": {
        "url": "https://github.com/sponsors/colinhacks"
      }
    }
  }
}
